
Microsoft Visual Studio Solution File, Format Version 12.00
# Visual Studio 14
VisualStudioVersion = 14.0.25420.1
MinimumVisualStudioVersion = 10.0.40219.1
Project("{FAE04EC0-301F-11D3-BF4B-00C04F79EFBC}") = "StopWatch", "StopWatch\StopWatch.csproj", "{CBEB6ED0-4394-4127-A48E-6880AA3A904B}"
EndProject
Project("{FAE04EC0-301F-11D3-BF4B-00C04F79EFBC}") = "MethodOverriding", "MethodOverriding\MethodOverriding.csproj", "{365CFF86-6B70-412B-97D0-2F0DFA29F8C1}"
EndProject
Project("{FAE04EC0-301F-11D3-BF4B-00C04F79EFBC}") = "Abstraction", "Abstraction\Abstraction.csproj", "{D5F2F21D-EE73-49A0-A6C8-0053EA1091EF}"
EndProject
Project("{FAE04EC0-301F-11D3-BF4B-00C04F79EFBC}") = "DbConnectionExercise", "DbConnection\DbConnectionExercise.csproj", "{EAC72C41-0A4A-4A40-9832-893876AD3064}"
EndProject
Project("{FAE04EC0-301F-11D3-BF4B-00C04F79EFBC}") = "Generics", "Generics\Generics.csproj", "{7873F6FD-B3EC-40CE-ACD5-BE2588A0E436}"
EndProject
Project("{FAE04EC0-301F-11D3-BF4B-00C04F79EFBC}") = "Delegates", "Delegates\Delegates.csproj", "{8CD6795B-6128-41E1-B68F-87D0D86E8A63}"
EndProject
Global
	GlobalSection(SolutionConfigurationPlatforms) = preSolution
		Debug|Any CPU = Debug|Any CPU
		Release|Any CPU = Release|Any CPU
	EndGlobalSection
	GlobalSection(ProjectConfigurationPlatforms) = postSolution
		{CBEB6ED0-4394-4127-A48E-6880AA3A904B}.Debug|Any CPU.ActiveCfg = Debug|Any CPU
		{CBEB6ED0-4394-4127-A48E-6880AA3A904B}.Debug|Any CPU.Build.0 = Debug|Any CPU
		{CBEB6ED0-4394-4127-A48E-6880AA3A904B}.Release|Any CPU.ActiveCfg = Release|Any CPU
		{CBEB6ED0-4394-4127-A48E-6880AA3A904B}.Release|Any CPU.Build.0 = Release|Any CPU
		{365CFF86-6B70-412B-97D0-2F0DFA29F8C1}.Debug|Any CPU.ActiveCfg = Debug|Any CPU
		{365CFF86-6B70-412B-97D0-2F0DFA29F8C1}.Debug|Any CPU.Build.0 = Debug|Any CPU
		{365CFF86-6B70-412B-97D0-2F0DFA29F8C1}.Release|Any CPU.ActiveCfg = Release|Any CPU
		{365CFF86-6B70-412B-97D0-2F0DFA29F8C1}.Release|Any CPU.Build.0 = Release|Any CPU
		{D5F2F21D-EE73-49A0-A6C8-0053EA1091EF}.Debug|Any CPU.ActiveCfg = Debug|Any CPU
		{D5F2F21D-EE73-49A0-A6C8-0053EA1091EF}.Debug|Any CPU.Build.0 = Debug|Any CPU
		{D5F2F21D-EE73-49A0-A6C8-0053EA1091EF}.Release|Any CPU.ActiveCfg = Release|Any CPU
		{D5F2F21D-EE73-49A0-A6C8-0053EA1091EF}.Release|Any CPU.Build.0 = Release|Any CPU
		{EAC72C41-0A4A-4A40-9832-893876AD3064}.Debug|Any CPU.ActiveCfg = Debug|Any CPU
		{EAC72C41-0A4A-4A40-9832-893876AD3064}.Debug|Any CPU.Build.0 = Debug|Any CPU
		{EAC72C41-0A4A-4A40-9832-893876AD3064}.Release|Any CPU.ActiveCfg = Release|Any CPU
		{EAC72C41-0A4A-4A40-9832-893876AD3064}.Release|Any CPU.Build.0 = Release|Any CPU
		{7873F6FD-B3EC-40CE-ACD5-BE2588A0E436}.Debug|Any CPU.ActiveCfg = Debug|Any CPU
		{7873F6FD-B3EC-40CE-ACD5-BE2588A0E436}.Debug|Any CPU.Build.0 = Debug|Any CPU
		{7873F6FD-B3EC-40CE-ACD5-BE2588A0E436}.Release|Any CPU.ActiveCfg = Release|Any CPU
		{7873F6FD-B3EC-40CE-ACD5-BE2588A0E436}.Release|Any CPU.Build.0 = Release|Any CPU
		{8CD6795B-6128-41E1-B68F-87D0D86E8A63}.Debug|Any CPU.ActiveCfg = Debug|Any CPU
		{8CD6795B-6128-41E1-B68F-87D0D86E8A63}.Debug|Any CPU.Build.0 = Debug|Any CPU
		{8CD6795B-6128-41E1-B68F-87D0D86E8A63}.Release|Any CPU.ActiveCfg = Release|Any CPU
		{8CD6795B-6128-41E1-B68F-87D0D86E8A63}.Release|Any CPU.Build.0 = Release|Any CPU
	EndGlobalSection
	GlobalSection(SolutionProperties) = preSolution
		HideSolutionNode = FALSE
	EndGlobalSection
	GlobalSection(ExtensibilityGlobals) = postSolution
		SolutionGuid = {B131F1A6-6CEB-4E57-973B-0471B7C79D2C}
	EndGlobalSection
EndGlobal
